// !$*UTF8*$!
{
	archiveVersion = 1;
	classes = {
	};
	objectVersion = 50;
	objects = {

/* Begin PBXBuildFile section */
		35306C7F1CA3451753BEDA1C /* Pods_CustomTextField.framework in Frameworks */ = {isa = PBXBuildFile; fileRef = 477164E45449C76F5511B695 /* Pods_CustomTextField.framework */; };
		48D0541220DF60830037239E /* AppDelegate.swift in Sources */ = {isa = PBXBuildFile; fileRef = 48D0541120DF60830037239E /* AppDelegate.swift */; };
		48D0541420DF60830037239E /* ViewController.swift in Sources */ = {isa = PBXBuildFile; fileRef = 48D0541320DF60830037239E /* ViewController.swift */; };
		48D0541720DF60830037239E /* Main.storyboard in Resources */ = {isa = PBXBuildFile; fileRef = 48D0541520DF60830037239E /* Main.storyboard */; };
		48D0541920DF60840037239E /* Assets.xcassets in Resources */ = {isa = PBXBuildFile; fileRef = 48D0541820DF60840037239E /* Assets.xcassets */; };
		48D0541C20DF60840037239E /* LaunchScreen.storyboard in Resources */ = {isa = PBXBuildFile; fileRef = 48D0541A20DF60840037239E /* LaunchScreen.storyboard */; };
		48D0542420DF60D70037239E /* CustomTextView.swift in Sources */ = {isa = PBXBuildFile; fileRef = 48D0542320DF60D70037239E /* CustomTextView.swift */; };
		48D0542720DF63870037239E /* CustomInputField.swift in Sources */ = {isa = PBXBuildFile; fileRef = 48D0542620DF63870037239E /* CustomInputField.swift */; };
/* End PBXBuildFile section */

/* Begin PBXFileReference section */
		477164E45449C76F5511B695 /* Pods_CustomTextField.framework */ = {isa = PBXFileReference; explicitFileType = wrapper.framework; includeInIndex = 0; path = Pods_CustomTextField.framework; sourceTree = BUILT_PRODUCTS_DIR; };
		48D0540E20DF60830037239E /* CustomTextField.app */ = {isa = PBXFileReference; explicitFileType = wrapper.application; includeInIndex = 0; path = CustomTextField.app; sourceTree = BUILT_PRODUCTS_DIR; };
		48D0541120DF60830037239E /* AppDelegate.swift */ = {isa = PBXFileReference; lastKnownFileType = sourcecode.swift; path = AppDelegate.swift; sourceTree = "<group>"; };
		48D0541320DF60830037239E /* ViewController.swift */ = {isa = PBXFileReference; lastKnownFileType = sourcecode.swift; path = ViewController.swift; sourceTree = "<group>"; };
		48D0541620DF60830037239E /* Base */ = {isa = PBXFileReference; lastKnownFileType = file.storyboard; name = Base; path = Base.lproj/Main.storyboard; sourceTree = "<group>"; };
		48D0541820DF60840037239E /* Assets.xcassets */ = {isa = PBXFileReference; lastKnownFileType = folder.assetcatalog; path = Assets.xcassets; sourceTree = "<group>"; };
		48D0541B20DF60840037239E /* Base */ = {isa = PBXFileReference; lastKnownFileType = file.storyboard; name = Base; path = Base.lproj/LaunchScreen.storyboard; sourceTree = "<group>"; };
		48D0541D20DF60840037239E /* Info.plist */ = {isa = PBXFileReference; lastKnownFileType = text.plist.xml; path = Info.plist; sourceTree = "<group>"; };
		48D0542320DF60D70037239E /* CustomTextView.swift */ = {isa = PBXFileReference; lastKnownFileType = sourcecode.swift; path = CustomTextView.swift; sourceTree = "<group>"; };
		48D0542620DF63870037239E /* CustomInputField.swift */ = {isa = PBXFileReference; lastKnownFileType = sourcecode.swift; path = CustomInputField.swift; sourceTree = "<group>"; };
		DC36754220855324C9FBC6F7 /* Pods-CustomTextField.release.xcconfig */ = {isa = PBXFileReference; includeInIndex = 1; lastKnownFileType = text.xcconfig; name = "Pods-CustomTextField.release.xcconfig"; path = "Pods/Target Support Files/Pods-CustomTextField/Pods-CustomTextField.release.xcconfig"; sourceTree = "<group>"; };
		F2FC2B358293C9D780C63180 /* Pods-CustomTextField.debug.xcconfig */ = {isa = PBXFileReference; includeInIndex = 1; lastKnownFileType = text.xcconfig; name = "Pods-CustomTextField.debug.xcconfig"; path = "Pods/Target Support Files/Pods-CustomTextField/Pods-CustomTextField.debug.xcconfig"; sourceTree = "<group>"; };
/* End PBXFileReference section */

/* Begin PBXFrameworksBuildPhase section */
		48D0540B20DF60830037239E /* Frameworks */ = {
			isa = PBXFrameworksBuildPhase;
			buildActionMask = 2147483647;
			files = (
				35306C7F1CA3451753BEDA1C /* Pods_CustomTextField.framework in Frameworks */,
			);
			runOnlyForDeploymentPostprocessing = 0;
		};
/* End PBXFrameworksBuildPhase section */

/* Begin PBXGroup section */
		48D0540520DF60830037239E = {
			isa = PBXGroup;
			children = (
				48D0541020DF60830037239E /* CustomTextField */,
				48D0540F20DF60830037239E /* Products */,
				FA9C55726DB871A17752DCE2 /* Pods */,
				4D4C5D67057B96AF8978C28C /* Frameworks */,
			);
			sourceTree = "<group>";
		};
		48D0540F20DF60830037239E /* Products */ = {
			isa = PBXGroup;
			children = (
				48D0540E20DF60830037239E /* CustomTextField.app */,
			);
			name = Products;
			sourceTree = "<group>";
		};
		48D0541020DF60830037239E /* CustomTextField */ = {
			isa = PBXGroup;
			children = (
				48D0542520DF63720037239E /* CustomViews */,
				48D0541120DF60830037239E /* AppDelegate.swift */,
				48D0541320DF60830037239E /* ViewController.swift */,
				48D0541520DF60830037239E /* Main.storyboard */,
				48D0541820DF60840037239E /* Assets.xcassets */,
				48D0541A20DF60840037239E /* LaunchScreen.storyboard */,
				48D0541D20DF60840037239E /* Info.plist */,
			);
			path = CustomTextField;
			sourceTree = "<group>";
		};
		48D0542520DF63720037239E /* CustomViews */ = {
			isa = PBXGroup;
			children = (
				48D0542320DF60D70037239E /* CustomTextView.swift */,
				48D0542620DF63870037239E /* CustomInputField.swift */,
			);
			path = CustomViews;
			sourceTree = "<group>";
		};
		4D4C5D67057B96AF8978C28C /* Frameworks */ = {
			isa = PBXGroup;
			children = (
				477164E45449C76F5511B695 /* Pods_CustomTextField.framework */,
			);
			name = Frameworks;
			sourceTree = "<group>";
		};
		FA9C55726DB871A17752DCE2 /* Pods */ = {
			isa = PBXGroup;
			children = (
				F2FC2B358293C9D780C63180 /* Pods-CustomTextField.debug.xcconfig */,
				DC36754220855324C9FBC6F7 /* Pods-CustomTextField.release.xcconfig */,
			);
			name = Pods;
			sourceTree = "<group>";
		};
/* End PBXGroup section */

/* Begin PBXNativeTarget section */
		48D0540D20DF60830037239E /* CustomTextField */ = {
			isa = PBXNativeTarget;
			buildConfigurationList = 48D0542020DF60840037239E /* Build configuration list for PBXNativeTarget "CustomTextField" */;
			buildPhases = (
				06121A9CE30589B71FC7D4ED /* [CP] Check Pods Manifest.lock */,
				48D0540A20DF60830037239E /* Sources */,
				48D0540B20DF60830037239E /* Frameworks */,
				48D0540C20DF60830037239E /* Resources */,
				4F3C8FF4B82C667CAC6E97FB /* [CP] Embed Pods Frameworks */,
			);
			buildRules = (
			);
			dependencies = (
			);
			name = CustomTextField;
			productName = CustomTextField;
			productReference = 48D0540E20DF60830037239E /* CustomTextField.app */;
			productType = "com.apple.product-type.application";
		};
/* End PBXNativeTarget section */

/* Begin PBXProject section */
		48D0540620DF60830037239E /* Project object */ = {
			isa = PBXProject;
			attributes = {
				LastSwiftUpdateCheck = 0940;
				LastUpgradeCheck = 0940;
				ORGANIZATIONNAME = "Quyen Dang";
				TargetAttributes = {
					48D0540D20DF60830037239E = {
						CreatedOnToolsVersion = 9.4.1;
					};
				};
			};
			buildConfigurationList = 48D0540920DF60830037239E /* Build configuration list for PBXProject "CustomTextField" */;
			compatibilityVersion = "Xcode 9.3";
			developmentRegion = en;
			hasScannedForEncodings = 0;
			knownRegions = (
				en,
				Base,
			);
			mainGroup = 48D0540520DF60830037239E;
			productRefGroup = 48D0540F20DF60830037239E /* Products */;
			projectDirPath = "";
			projectRoot = "";
			targets = (
				48D0540D20DF60830037239E /* CustomTextField */,
			);
		};
/* End PBXProject section */

/* Begin PBXResourcesBuildPhase section */
		48D0540C20DF60830037239E /* Resources */ = {
			isa = PBXResourcesBuildPhase;
			buildActionMask = 2147483647;
			files = (
				48D0541C20DF60840037239E /* LaunchScreen.storyboard in Resources */,
				48D0541920DF60840037239E /* Assets.xcassets in Resources */,
				48D0541720DF60830037239E /* Main.storyboard in Resources */,
			);
			runOnlyForDeploymentPostprocessing = 0;
		};
/* End PBXResourcesBuildPhase section */

/* Begin PBXShellScriptBuildPhase section */
		06121A9CE30589B71FC7D4ED /* [CP] Check Pods Manifest.lock */ = {
			isa = PBXShellScriptBuildPhase;
			buildActionMask = 2147483647;
			files = (
			);
			inputPaths = (
				"${PODS_PODFILE_DIR_PATH}/Podfile.lock",
				"${PODS_ROOT}/Manifest.lock",
			);
			name = "[CP] Check Pods Manifest.lock";
			outputPaths = (
				"$(DERIVED_FILE_DIR)/Pods-CustomTextField-checkManifestLockResult.txt",
			);
			runOnlyForDeploymentPostprocessing = 0;
			shellPath = /bin/sh;
			shellScript = "diff \"${PODS_PODFILE_DIR_PATH}/Podfile.lock\" \"${PODS_ROOT}/Manifest.lock\" > /dev/null\nif [ $? != 0 ] ; then\n    # print error to STDERR\n    echo \"error: The sandbox is not in sync with the Podfile.lock. Run 'pod install' or update your CocoaPods installation.\" >&2\n    exit 1\nfi\n# This output is used by Xcode 'outputs' to avoid re-running this script phase.\necho \"SUCCESS\" > \"${SCRIPT_OUTPUT_FILE_0}\"\n";
			showEnvVarsInLog = 0;
		};
		4F3C8FF4B82C667CAC6E97FB /* [CP] Embed Pods Frameworks */ = {
			isa = PBXShellScriptBuildPhase;
			buildActionMask = 2147483647;
			files = (
			);
			inputPaths = (
				"${SRCROOT}/Pods/Target Support Files/Pods-CustomTextField/Pods-CustomTextField-frameworks.sh",
				"${BUILT_PRODUCTS_DIR}/SnapKit/SnapKit.framework",
			);
			name = "[CP] Embed Pods Frameworks";
			outputPaths = (
				"${TARGET_BUILD_DIR}/${FRAMEWORKS_FOLDER_PATH}/SnapKit.framework",
			);
			runOnlyForDeploymentPostprocessing = 0;
			shellPath = /bin/sh;
			shellScript = "\"${SRCROOT}/Pods/Target Support Files/Pods-CustomTextField/Pods-CustomTextField-frameworks.sh\"\n";
			showEnvVarsInLog = 0;
		};
/* End PBXShellScriptBuildPhase section */

/* Begin PBXSourcesBuildPhase section */
		48D0540A20DF60830037239E /* Sources */ = {
			isa = PBXSourcesBuildPhase;
			buildActionMask = 2147483647;
			files = (
				48D0542720DF63870037239E /* CustomInputField.swift in Sources */,
				48D0541420DF60830037239E /* ViewController.swift in Sources */,
				48D0541220DF60830037239E /* AppDelegate.swift in Sources */,
				48D0542420DF60D70037239E /* CustomTextView.swift in Sources */,
			);
			runOnlyForDeploymentPostprocessing = 0;
		};
/* End PBXSourcesBuildPhase section */

/* Begin PBXVariantGroup section */
		48D0541520DF60830037239E /* Main.storyboard */ = {
			isa = PBXVariantGroup;
			children = (
				48D0541620DF60830037239E /* Base */,
			);
			name = Main.storyboard;
			sourceTree = "<group>";
		};
		48D0541A20DF60840037239E /* LaunchScreen.storyboard */ = {
			isa = PBXVariantGroup;
			children = (
				48D0541B20DF60840037239E /* Base */,
			);
			name = LaunchScreen.storyboard;
			sourceTree = "<group>";
		};
/* End PBXVariantGroup section */

/* Begin XCBuildConfiguration section */
		48D0541E20DF60840037239E /* Debug */ = {
			isa = XCBuildConfiguration;
			buildSettings = {
				ALWAYS_SEARCH_USER_PATHS = NO;
				CLANG_ANALYZER_NONNULL = YES;
				CLANG_ANALYZER_NUMBER_OBJECT_CONVERSION = YES_AGGRESSIVE;
				CLANG_CXX_LANGUAGE_STANDARD = "gnu++14";
				CLANG_CXX_LIBRARY = "libc++";
				CLANG_ENABLE_MODULES = YES;
				CLANG_ENABLE_OBJC_ARC = YES;
				CLANG_ENABLE_OBJC_WEAK = YES;
				CLANG_WARN_BLOCK_CAPTURE_AUTORELEASING = YES;
				CLANG_WARN_BOOL_CONVERSION = YES;
				CLANG_WARN_COMMA = YES;
				CLANG_WARN_CONSTANT_CONVERSION = YES;
				CLANG_WARN_DEPRECATED_OBJC_IMPLEMENTATIONS = YES;
				CLANG_WARN_DIRECT_OBJC_ISA_USAGE = YES_ERROR;
				CLANG_WARN_DOCUMENTATION_COMMENTS = YES;
				CLANG_WARN_EMPTY_BODY = YES;
				CLANG_WARN_ENUM_CONVERSION = YES;
				CLANG_WARN_INFINITE_RECURSION = YES;
				CLANG_WARN_INT_CONVERSION = YES;
				CLANG_WARN_NON_LITERAL_NULL_CONVERSION = YES;
				CLANG_WARN_OBJC_IMPLICIT_RETAIN_SELF = YES;
				CLANG_WARN_OBJC_LITERAL_CONVERSION = YES;
				CLANG_WARN_OBJC_ROOT_CLASS = YES_ERROR;
				CLANG_WARN_RANGE_LOOP_ANALYSIS = YES;
				CLANG_WARN_STRICT_PROTOTYPES = YES;
				CLANG_WARN_SUSPICIOUS_MOVE = YES;
				CLANG_WARN_UNGUARDED_AVAILABILITY = YES_AGGRESSIVE;
				CLANG_WARN_UNREACHABLE_CODE = YES;
				CLANG_WARN__DUPLICATE_METHOD_MATCH = YES;
				CODE_SIGN_IDENTITY = "iPhone Developer";
				COPY_PHASE_STRIP = NO;
				DEBUG_INFORMATION_FORMAT = dwarf;
				ENABLE_STRICT_OBJC_MSGSEND = YES;
				ENABLE_TESTABILITY = YES;
				GCC_C_LANGUAGE_STANDARD = gnu11;
				GCC_DYNAMIC_NO_PIC = NO;
				GCC_NO_COMMON_BLOCKS = YES;
				GCC_OPTIMIZATION_LEVEL = 0;
				GCC_PREPROCESSOR_DEFINITIONS = (
					"DEBUG=1",
					"$(inherited)",
				);
				GCC_WARN_64_TO_32_BIT_CONVERSION = YES;
				GCC_WARN_ABOUT_RETURN_TYPE = YES_ERROR;
				GCC_WARN_UNDECLARED_SELECTOR = YES;
				GCC_WARN_UNINITIALIZED_AUTOS = YES_AGGRESSIVE;
				GCC_WARN_UNUSED_FUNCTION = YES;
				GCC_WARN_UNUSED_VARIABLE = YES;
				IPHONEOS_DEPLOYMENT_TARGET = 11.4;
				MTL_ENABLE_DEBUG_INFO = YES;
				ONLY_ACTIVE_ARCH = YES;
				SDKROOT = iphoneos;
				SWIFT_ACTIVE_COMPILATION_CONDITIONS = DEBUG;
				SWIFT_OPTIMIZATION_LEVEL = "-Onone";
			};
			name = Debug;
		};
		48D0541F20DF60840037239E /* Release */ = {
			isa = XCBuildConfiguration;
			buildSettings = {
				ALWAYS_SEARCH_USER_PATHS = NO;
				CLANG_ANALYZER_NONNULL = YES;
				CLANG_ANALYZER_NUMBER_OBJECT_CONVERSION = YES_AGGRESSIVE;
				CLANG_CXX_LANGUAGE_STANDARD = "gnu++14";
				CLANG_CXX_LIBRARY = "libc++";
				CLANG_ENABLE_MODULES = YES;
				CLANG_ENABLE_OBJC_ARC = YES;
				CLANG_ENABLE_OBJC_WEAK = YES;
				CLANG_WARN_BLOCK_CAPTURE_AUTORELEASING = YES;
				CLANG_WARN_BOOL_CONVERSION = YES;
				CLANG_WARN_COMMA = YES;
				CLANG_WARN_CONSTANT_CONVERSION = YES;
				CLANG_WARN_DEPRECATED_OBJC_IMPLEMENTATIONS = YES;
				CLANG_WARN_DIRECT_OBJC_ISA_USAGE = YES_ERROR;
				CLANG_WARN_DOCUMENTATION_COMMENTS = YES;
				CLANG_WARN_EMPTY_BODY = YES;
				CLANG_WARN_ENUM_CONVERSION = YES;
				CLANG_WARN_INFINITE_RECURSION = YES;
				CLANG_WARN_INT_CONVERSION = YES;
				CLANG_WARN_NON_LITERAL_NULL_CONVERSION = YES;
				CLANG_WARN_OBJC_IMPLICIT_RETAIN_SELF = YES;
				CLANG_WARN_OBJC_LITERAL_CONVERSION = YES;
				CLANG_WARN_OBJC_ROOT_CLASS = YES_ERROR;
				CLANG_WARN_RANGE_LOOP_ANALYSIS = YES;
				CLANG_WARN_STRICT_PROTOTYPES = YES;
				CLANG_WARN_SUSPICIOUS_MOVE = YES;
				CLANG_WARN_UNGUARDED_AVAILABILITY = YES_AGGRESSIVE;
				CLANG_WARN_UNREACHABLE_CODE = YES;
				CLANG_WARN__DUPLICATE_METHOD_MATCH = YES;
				CODE_SIGN_IDENTITY = "iPhone Developer";
				COPY_PHASE_STRIP = NO;
				DEBUG_INFORMATION_FORMAT = "dwarf-with-dsym";
				ENABLE_NS_ASSERTIONS = NO;
				ENABLE_STRICT_OBJC_MSGSEND = YES;
				GCC_C_LANGUAGE_STANDARD = gnu11;
				GCC_NO_COMMON_BLOCKS = YES;
				GCC_WARN_64_TO_32_BIT_CONVERSION = YES;
				GCC_WARN_ABOUT_RETURN_TYPE = YES_ERROR;
				GCC_WARN_UNDECLARED_SELECTOR = YES;
				GCC_WARN_UNINITIALIZED_AUTOS = YES_AGGRESSIVE;
				GCC_WARN_UNUSED_FUNCTION = YES;
				GCC_WARN_UNUSED_VARIABLE = YES;
				IPHONEOS_DEPLOYMENT_TARGET = 11.4;
				MTL_ENABLE_DEBUG_INFO = NO;
				SDKROOT = iphoneos;
				SWIFT_COMPILATION_MODE = wholemodule;
				SWIFT_OPTIMIZATION_LEVEL = "-O";
				VALIDATE_PRODUCT = YES;
			};
			name = Release;
		};
		48D0542120DF60840037239E /* Debug */ = {
			isa = XCBuildConfiguration;
			baseConfigurationReference = F2FC2B358293C9D780C63180 /* Pods-CustomTextField.debug.xcconfig */;
			buildSettings = {
				ASSETCATALOG_COMPILER_APPICON_NAME = AppIcon;
				CODE_SIGN_STYLE = Automatic;
				DEVELOPMENT_TEAM = MMMG6T3Z8H;
				INFOPLIST_FILE = CustomTextField/Info.plist;
				LD_RUNPATH_SEARCH_PATHS = "$(inherited) @executable_path/Frameworks";
				PRODUCT_BUNDLE_IDENTIFIER = com.vlstudio.CustomTextField;
				PRODUCT_NAME = "$(TARGET_NAME)";
				SWIFT_VERSION = 4.0;
				TARGETED_DEVICE_FAMILY = "1,2";
			};
			name = Debug;
		};
		48D0542220DF60840037239E /* Release */ = {
			isa = XCBuildConfiguration;
			baseConfigurationReference = DC36754220855324C9FBC6F7 /* Pods-CustomTextField.release.xcconfig */;
			buildSettings = {
				ASSETCATALOG_COMPILER_APPICON_NAME = AppIcon;
				CODE_SIGN_STYLE = Automatic;
				DEVELOPMENT_TEAM = MMMG6T3Z8H;
				INFOPLIST_FILE = CustomTextField/Info.plist;
				LD_RUNPATH_SEARCH_PATHS = "$(inherited) @executable_path/Frameworks";
				PRODUCT_BUNDLE_IDENTIFIER = com.vlstudio.CustomTextField;
				PRODUCT_NAME = "$(TARGET_NAME)";
				SWIFT_VERSION = 4.0;
				TARGETED_DEVICE_FAMILY = "1,2";
			};
			name = Release;
		};
/* End XCBuildConfiguration section */

/* Begin XCConfigurationList section */
		48D0540920DF60830037239E /* Build configuration list for PBXProject "CustomTextField" */ = {
			isa = XCConfigurationList;
			buildConfigurations = (
				48D0541E20DF60840037239E /* Debug */,
				48D0541F20DF60840037239E /* Release */,
			);
			defaultConfigurationIsVisible = 0;
			defaultConfigurationName = Release;
		};
		48D0542020DF60840037239E /* Build configuration list for PBXNativeTarget "CustomTextField" */ = {
			isa = XCConfigurationList;
			buildConfigurations = (
				48D0542120DF60840037239E /* Debug */,
				48D0542220DF60840037239E /* Release */,
			);
			defaultConfigurationIsVisible = 0;
			defaultConfigurationName = Release;
		};
/* End XCConfigurationList section */
	};
	rootObject = 48D0540620DF60830037239E /* Project object */;
}
